
Microsoft Visual Studio Solution File, Format Version 12.00
# Visual Studio Version 17
VisualStudioVersion = 17.11.35312.102
MinimumVisualStudioVersion = 10.0.40219.1
Project("{FAE04EC0-301F-11D3-BF4B-00C04F79EFBC}") = "RHStoreWS", "RHStoreWS\RHStoreWS.csproj", "{1DB3557B-1A55-4D0C-BF74-6A5F2B3945D8}"
EndProject
Project("{FAE04EC0-301F-11D3-BF4B-00C04F79EFBC}") = "RHStorePrendasBO", "RHStorePrendasBO\RHStorePrendasBO.csproj", "{F4EB0220-E059-4EDA-BA38-37FD0A357519}"
EndProject
Project("{FAE04EC0-301F-11D3-BF4B-00C04F79EFBC}") = "RHStoreUsuariosBO", "RHStoreUsuariosBO\RHStoreUsuariosBO.csproj", "{62B5C6F3-4980-4946-8E5C-17F0BF1261EE}"
EndProject
Project("{FAE04EC0-301F-11D3-BF4B-00C04F79EFBC}") = "RHStoreComprasBO", "RHStoreComprasBO\RHStoreComprasBO.csproj", "{E2B2CFD4-E52A-4B8D-AE4A-7216F55C612C}"
EndProject
Project("{FAE04EC0-301F-11D3-BF4B-00C04F79EFBC}") = "RHStoreBaseBO", "RHStoreBaseBO\RHStoreBaseBO.csproj", "{42B8F628-0913-4CEB-B209-042422B2BD93}"
EndProject
Global
	GlobalSection(SolutionConfigurationPlatforms) = preSolution
		Debug|Any CPU = Debug|Any CPU
		Release|Any CPU = Release|Any CPU
	EndGlobalSection
	GlobalSection(ProjectConfigurationPlatforms) = postSolution
		{1DB3557B-1A55-4D0C-BF74-6A5F2B3945D8}.Debug|Any CPU.ActiveCfg = Debug|Any CPU
		{1DB3557B-1A55-4D0C-BF74-6A5F2B3945D8}.Debug|Any CPU.Build.0 = Debug|Any CPU
		{1DB3557B-1A55-4D0C-BF74-6A5F2B3945D8}.Release|Any CPU.ActiveCfg = Release|Any CPU
		{1DB3557B-1A55-4D0C-BF74-6A5F2B3945D8}.Release|Any CPU.Build.0 = Release|Any CPU
		{F4EB0220-E059-4EDA-BA38-37FD0A357519}.Debug|Any CPU.ActiveCfg = Debug|Any CPU
		{F4EB0220-E059-4EDA-BA38-37FD0A357519}.Debug|Any CPU.Build.0 = Debug|Any CPU
		{F4EB0220-E059-4EDA-BA38-37FD0A357519}.Release|Any CPU.ActiveCfg = Release|Any CPU
		{F4EB0220-E059-4EDA-BA38-37FD0A357519}.Release|Any CPU.Build.0 = Release|Any CPU
		{62B5C6F3-4980-4946-8E5C-17F0BF1261EE}.Debug|Any CPU.ActiveCfg = Debug|Any CPU
		{62B5C6F3-4980-4946-8E5C-17F0BF1261EE}.Debug|Any CPU.Build.0 = Debug|Any CPU
		{62B5C6F3-4980-4946-8E5C-17F0BF1261EE}.Release|Any CPU.ActiveCfg = Release|Any CPU
		{62B5C6F3-4980-4946-8E5C-17F0BF1261EE}.Release|Any CPU.Build.0 = Release|Any CPU
		{E2B2CFD4-E52A-4B8D-AE4A-7216F55C612C}.Debug|Any CPU.ActiveCfg = Debug|Any CPU
		{E2B2CFD4-E52A-4B8D-AE4A-7216F55C612C}.Debug|Any CPU.Build.0 = Debug|Any CPU
		{E2B2CFD4-E52A-4B8D-AE4A-7216F55C612C}.Release|Any CPU.ActiveCfg = Release|Any CPU
		{E2B2CFD4-E52A-4B8D-AE4A-7216F55C612C}.Release|Any CPU.Build.0 = Release|Any CPU
		{42B8F628-0913-4CEB-B209-042422B2BD93}.Debug|Any CPU.ActiveCfg = Debug|Any CPU
		{42B8F628-0913-4CEB-B209-042422B2BD93}.Debug|Any CPU.Build.0 = Debug|Any CPU
		{42B8F628-0913-4CEB-B209-042422B2BD93}.Release|Any CPU.ActiveCfg = Release|Any CPU
		{42B8F628-0913-4CEB-B209-042422B2BD93}.Release|Any CPU.Build.0 = Release|Any CPU
	EndGlobalSection
	GlobalSection(SolutionProperties) = preSolution
		HideSolutionNode = FALSE
	EndGlobalSection
	GlobalSection(ExtensibilityGlobals) = postSolution
		SolutionGuid = {036386F7-A8F4-424B-9E58-5228002F6715}
	EndGlobalSection
EndGlobal
